PODS:
  - Alamofire (4.2.0)
  - DrawerController (3.0.0):
    - DrawerController/Core (= 3.0.0)
    - DrawerController/DrawerVisualStates (= 3.0.0)
  - DrawerController/Core (3.0.0)
  - DrawerController/DrawerVisualStates (3.0.0):
    - DrawerController/Core
  - Kingfisher (3.2.4)
  - MJRefresh (3.1.12)
  - SVProgressHUD (2.1.2)

DEPENDENCIES:
  - Alamofire
  - DrawerController
  - Kingfisher
  - MJRefresh
  - SVProgressHUD

SPEC CHECKSUMS:
  Alamofire: aa2e09d871c9160ac53c90e83c68064a94e3dfbe
  DrawerController: 5e859c5dbeae3cea20981eb5ff2aa16eb946dff9
  Kingfisher: 8d80f39da403cd9c9ee11984e1655f4d6a566cdb
  MJRefresh: b96cdb21c4aa75a7b07654311ab2f315c497e806
  SVProgressHUD: c404a55d78acbeb7ebb78b76d3faf986475a6994

PODFILE CHECKSUM: 90ca8713cad97d9e0234ca89113253cdc5e63641

COCOAPODS: 1.1.1
