// !$*UTF8*$!
{
	archiveVersion = 1;
	classes = {
	};
	objectVersion = 46;
	objects = {

/* Begin PBXBuildFile section */
		67958F061F0C7E2C001117E8 /* AppDelegate.swift in Sources */ = {isa = PBXBuildFile; fileRef = 67958F051F0C7E2C001117E8 /* AppDelegate.swift */; };
		67958F081F0C7E2C001117E8 /* ViewController.swift in Sources */ = {isa = PBXBuildFile; fileRef = 67958F071F0C7E2C001117E8 /* ViewController.swift */; };
		67958F0B1F0C7E2C001117E8 /* Main.storyboard in Resources */ = {isa = PBXBuildFile; fileRef = 67958F091F0C7E2C001117E8 /* Main.storyboard */; };
		67958F0D1F0C7E2C001117E8 /* Assets.xcassets in Resources */ = {isa = PBXBuildFile; fileRef = 67958F0C1F0C7E2C001117E8 /* Assets.xcassets */; };
		67958F101F0C7E2C001117E8 /* LaunchScreen.storyboard in Resources */ = {isa = PBXBuildFile; fileRef = 67958F0E1F0C7E2C001117E8 /* LaunchScreen.storyboard */; };
/* End PBXBuildFile section */

/* Begin PBXFileReference section */
		67958F021F0C7E2C001117E8 /* PGDBK.app */ = {isa = PBXFileReference; explicitFileType = wrapper.application; includeInIndex = 0; path = PGDBK.app; sourceTree = BUILT_PRODUCTS_DIR; };
		67958F051F0C7E2C001117E8 /* AppDelegate.swift */ = {isa = PBXFileReference; lastKnownFileType = sourcecode.swift; path = AppDelegate.swift; sourceTree = "<group>"; };
		67958F071F0C7E2C001117E8 /* ViewController.swift */ = {isa = PBXFileReference; lastKnownFileType = sourcecode.swift; path = ViewController.swift; sourceTree = "<group>"; };
		67958F0A1F0C7E2C001117E8 /* Base */ = {isa = PBXFileReference; lastKnownFileType = file.storyboard; name = Base; path = Base.lproj/Main.storyboard; sourceTree = "<group>"; };
		67958F0C1F0C7E2C001117E8 /* Assets.xcassets */ = {isa = PBXFileReference; lastKnownFileType = folder.assetcatalog; path = Assets.xcassets; sourceTree = "<group>"; };
		67958F0F1F0C7E2C001117E8 /* Base */ = {isa = PBXFileReference; lastKnownFileType = file.storyboard; name = Base; path = Base.lproj/LaunchScreen.storyboard; sourceTree = "<group>"; };
		67958F111F0C7E2C001117E8 /* Info.plist */ = {isa = PBXFileReference; lastKnownFileType = text.plist.xml; path = Info.plist; sourceTree = "<group>"; };
/* End PBXFileReference section */

/* Begin PBXFrameworksBuildPhase section */
		67958EFF1F0C7E2C001117E8 /* Frameworks */ = {
			isa = PBXFrameworksBuildPhase;
			buildActionMask = 2147483647;
			files = (
			);
			runOnlyForDeploymentPostprocessing = 0;
		};
/* End PBXFrameworksBuildPhase section */

/* Begin PBXGroup section */
		67958EF91F0C7E2C001117E8 = {
			isa = PBXGroup;
			children = (
				67958F041F0C7E2C001117E8 /* PGDBK */,
				67958F031F0C7E2C001117E8 /* Products */,
			);
			sourceTree = "<group>";
		};
		67958F031F0C7E2C001117E8 /* Products */ = {
			isa = PBXGroup;
			children = (
				67958F021F0C7E2C001117E8 /* PGDBK.app */,
			);
			name = Products;
			sourceTree = "<group>";
		};
		67958F041F0C7E2C001117E8 /* PGDBK */ = {
			isa = PBXGroup;
			children = (
				67958F051F0C7E2C001117E8 /* AppDelegate.swift */,
				67958F071F0C7E2C001117E8 /* ViewController.swift */,
				67958F091F0C7E2C001117E8 /* Main.storyboard */,
				67958F0C1F0C7E2C001117E8 /* Assets.xcassets */,
				67958F0E1F0C7E2C001117E8 /* LaunchScreen.storyboard */,
				67958F111F0C7E2C001117E8 /* Info.plist */,
			);
			path = PGDBK;
			sourceTree = "<group>";
		};
/* End PBXGroup section */

/* Begin PBXNativeTarget section */
		67958F011F0C7E2C001117E8 /* PGDBK */ = {
			isa = PBXNativeTarget;
			buildConfigurationList = 67958F141F0C7E2C001117E8 /* Build configuration list for PBXNativeTarget "PGDBK" */;
			buildPhases = (
				67958EFE1F0C7E2C001117E8 /* Sources */,
				67958EFF1F0C7E2C001117E8 /* Frameworks */,
				67958F001F0C7E2C001117E8 /* Resources */,
			);
			buildRules = (
			);
			dependencies = (
			);
			name = PGDBK;
			productName = PGDBK;
			productReference = 67958F021F0C7E2C001117E8 /* PGDBK.app */;
			productType = "com.apple.product-type.application";
		};
/* End PBXNativeTarget section */

/* Begin PBXProject section */
		67958EFA1F0C7E2C001117E8 /* Project object */ = {
			isa = PBXProject;
			attributes = {
				LastSwiftUpdateCheck = 0830;
				LastUpgradeCheck = 0830;
				ORGANIZATIONNAME = m.zintao;
				TargetAttributes = {
					67958F011F0C7E2C001117E8 = {
						CreatedOnToolsVersion = 8.3.1;
						DevelopmentTeam = NN3YM25JE4;
						ProvisioningStyle = Automatic;
					};
				};
			};
			buildConfigurationList = 67958EFD1F0C7E2C001117E8 /* Build configuration list for PBXProject "PGDBK" */;
			compatibilityVersion = "Xcode 3.2";
			developmentRegion = English;
			hasScannedForEncodings = 0;
			knownRegions = (
				en,
				Base,
			);
			mainGroup = 67958EF91F0C7E2C001117E8;
			productRefGroup = 67958F031F0C7E2C001117E8 /* Products */;
			projectDirPath = "";
			projectRoot = "";
			targets = (
				67958F011F0C7E2C001117E8 /* PGDBK */,
			);
		};
/* End PBXProject section */

/* Begin PBXResourcesBuildPhase section */
		67958F001F0C7E2C001117E8 /* Resources */ = {
			isa = PBXResourcesBuildPhase;
			buildActionMask = 2147483647;
			files = (
				67958F101F0C7E2C001117E8 /* LaunchScreen.storyboard in Resources */,
				67958F0D1F0C7E2C001117E8 /* Assets.xcassets in Resources */,
				67958F0B1F0C7E2C001117E8 /* Main.storyboard in Resources */,
			);
			runOnlyForDeploymentPostprocessing = 0;
		};
/* End PBXResourcesBuildPhase section */

/* Begin PBXSourcesBuildPhase section */
		67958EFE1F0C7E2C001117E8 /* Sources */ = {
			isa = PBXSourcesBuildPhase;
			buildActionMask = 2147483647;
			files = (
				67958F081F0C7E2C001117E8 /* ViewController.swift in Sources */,
				67958F061F0C7E2C001117E8 /* AppDelegate.swift in Sources */,
			);
			runOnlyForDeploymentPostprocessing = 0;
		};
/* End PBXSourcesBuildPhase section */

/* Begin PBXVariantGroup section */
		67958F091F0C7E2C001117E8 /* Main.storyboard */ = {
			isa = PBXVariantGroup;
			children = (
				67958F0A1F0C7E2C001117E8 /* Base */,
			);
			name = Main.storyboard;
			sourceTree = "<group>";
		};
		67958F0E1F0C7E2C001117E8 /* LaunchScreen.storyboard */ = {
			isa = PBXVariantGroup;
			children = (
				67958F0F1F0C7E2C001117E8 /* Base */,
			);
			name = LaunchScreen.storyboard;
			sourceTree = "<group>";
		};
/* End PBXVariantGroup section */

/* Begin XCBuildConfiguration section */
		67958F121F0C7E2C001117E8 /* Debug */ = {
			isa = XCBuildConfiguration;
			buildSettings = {
				ALWAYS_SEARCH_USER_PATHS = NO;
				CLANG_ANALYZER_NONNULL = YES;
				CLANG_ANALYZER_NUMBER_OBJECT_CONVERSION = YES_AGGRESSIVE;
				CLANG_CXX_LANGUAGE_STANDARD = "gnu++0x";
				CLANG_CXX_LIBRARY = "libc++";
				CLANG_ENABLE_MODULES = YES;
				CLANG_ENABLE_OBJC_ARC = YES;
				CLANG_WARN_BOOL_CONVERSION = YES;
				CLANG_WARN_CONSTANT_CONVERSION = YES;
				CLANG_WARN_DIRECT_OBJC_ISA_USAGE = YES_ERROR;
				CLANG_WARN_DOCUMENTATION_COMMENTS = YES;
				CLANG_WARN_EMPTY_BODY = YES;
				CLANG_WARN_ENUM_CONVERSION = YES;
				CLANG_WARN_INFINITE_RECURSION = YES;
				CLANG_WARN_INT_CONVERSION = YES;
				CLANG_WARN_OBJC_ROOT_CLASS = YES_ERROR;
				CLANG_WARN_SUSPICIOUS_MOVE = YES;
				CLANG_WARN_UNREACHABLE_CODE = YES;
				CLANG_WARN__DUPLICATE_METHOD_MATCH = YES;
				"CODE_SIGN_IDENTITY[sdk=iphoneos*]" = "iPhone Developer";
				COPY_PHASE_STRIP = NO;
				DEBUG_INFORMATION_FORMAT = dwarf;
				ENABLE_STRICT_OBJC_MSGSEND = YES;
				ENABLE_TESTABILITY = YES;
				GCC_C_LANGUAGE_STANDARD = gnu99;
				GCC_DYNAMIC_NO_PIC = NO;
				GCC_NO_COMMON_BLOCKS = YES;
				GCC_OPTIMIZATION_LEVEL = 0;
				GCC_PREPROCESSOR_DEFINITIONS = (
					"DEBUG=1",
					"$(inherited)",
				);
				GCC_WARN_64_TO_32_BIT_CONVERSION = YES;
				GCC_WARN_ABOUT_RETURN_TYPE = YES_ERROR;
				GCC_WARN_UNDECLARED_SELECTOR = YES;
				GCC_WARN_UNINITIALIZED_AUTOS = YES_AGGRESSIVE;
				GCC_WARN_UNUSED_FUNCTION = YES;
				GCC_WARN_UNUSED_VARIABLE = YES;
				IPHONEOS_DEPLOYMENT_TARGET = 10.3;
				MTL_ENABLE_DEBUG_INFO = YES;
				ONLY_ACTIVE_ARCH = YES;
				SDKROOT = iphoneos;
				SWIFT_ACTIVE_COMPILATION_CONDITIONS = DEBUG;
				SWIFT_OPTIMIZATION_LEVEL = "-Onone";
			};
			name = Debug;
		};
		67958F131F0C7E2C001117E8 /* Release */ = {
			isa = XCBuildConfiguration;
			buildSettings = {
				ALWAYS_SEARCH_USER_PATHS = NO;
				CLANG_ANALYZER_NONNULL = YES;
				CLANG_ANALYZER_NUMBER_OBJECT_CONVERSION = YES_AGGRESSIVE;
				CLANG_CXX_LANGUAGE_STANDARD = "gnu++0x";
				CLANG_CXX_LIBRARY = "libc++";
				CLANG_ENABLE_MODULES = YES;
				CLANG_ENABLE_OBJC_ARC = YES;
				CLANG_WARN_BOOL_CONVERSION = YES;
				CLANG_WARN_CONSTANT_CONVERSION = YES;
				CLANG_WARN_DIRECT_OBJC_ISA_USAGE = YES_ERROR;
				CLANG_WARN_DOCUMENTATION_COMMENTS = YES;
				CLANG_WARN_EMPTY_BODY = YES;
				CLANG_WARN_ENUM_CONVERSION = YES;
				CLANG_WARN_INFINITE_RECURSION = YES;
				CLANG_WARN_INT_CONVERSION = YES;
				CLANG_WARN_OBJC_ROOT_CLASS = YES_ERROR;
				CLANG_WARN_SUSPICIOUS_MOVE = YES;
				CLANG_WARN_UNREACHABLE_CODE = YES;
				CLANG_WARN__DUPLICATE_METHOD_MATCH = YES;
				"CODE_SIGN_IDENTITY[sdk=iphoneos*]" = "iPhone Developer";
				COPY_PHASE_STRIP = NO;
				DEBUG_INFORMATION_FORMAT = "dwarf-with-dsym";
				ENABLE_NS_ASSERTIONS = NO;
				ENABLE_STRICT_OBJC_MSGSEND = YES;
				GCC_C_LANGUAGE_STANDARD = gnu99;
				GCC_NO_COMMON_BLOCKS = YES;
				GCC_WARN_64_TO_32_BIT_CONVERSION = YES;
				GCC_WARN_ABOUT_RETURN_TYPE = YES_ERROR;
				GCC_WARN_UNDECLARED_SELECTOR = YES;
				GCC_WARN_UNINITIALIZED_AUTOS = YES_AGGRESSIVE;
				GCC_WARN_UNUSED_FUNCTION = YES;
				GCC_WARN_UNUSED_VARIABLE = YES;
				IPHONEOS_DEPLOYMENT_TARGET = 10.3;
				MTL_ENABLE_DEBUG_INFO = NO;
				SDKROOT = iphoneos;
				SWIFT_OPTIMIZATION_LEVEL = "-Owholemodule";
				VALIDATE_PRODUCT = YES;
			};
			name = Release;
		};
		67958F151F0C7E2C001117E8 /* Debug */ = {
			isa = XCBuildConfiguration;
			buildSettings = {
				ASSETCATALOG_COMPILER_APPICON_NAME = AppIcon;
				DEVELOPMENT_TEAM = NN3YM25JE4;
				INFOPLIST_FILE = PGDBK/Info.plist;
				LD_RUNPATH_SEARCH_PATHS = "$(inherited) @executable_path/Frameworks";
				PRODUCT_BUNDLE_IDENTIFIER = com.zintao.PGDBK;
				PRODUCT_NAME = "$(TARGET_NAME)";
				SWIFT_VERSION = 3.0;
			};
			name = Debug;
		};
		67958F161F0C7E2C001117E8 /* Release */ = {
			isa = XCBuildConfiguration;
			buildSettings = {
				ASSETCATALOG_COMPILER_APPICON_NAME = AppIcon;
				DEVELOPMENT_TEAM = NN3YM25JE4;
				INFOPLIST_FILE = PGDBK/Info.plist;
				LD_RUNPATH_SEARCH_PATHS = "$(inherited) @executable_path/Frameworks";
				PRODUCT_BUNDLE_IDENTIFIER = com.zintao.PGDBK;
				PRODUCT_NAME = "$(TARGET_NAME)";
				SWIFT_VERSION = 3.0;
			};
			name = Release;
		};
/* End XCBuildConfiguration section */

/* Begin XCConfigurationList section */
		67958EFD1F0C7E2C001117E8 /* Build configuration list for PBXProject "PGDBK" */ = {
			isa = XCConfigurationList;
			buildConfigurations = (
				67958F121F0C7E2C001117E8 /* Debug */,
				67958F131F0C7E2C001117E8 /* Release */,
			);
			defaultConfigurationIsVisible = 0;
			defaultConfigurationName = Release;
		};
		67958F141F0C7E2C001117E8 /* Build configuration list for PBXNativeTarget "PGDBK" */ = {
			isa = XCConfigurationList;
			buildConfigurations = (
				67958F151F0C7E2C001117E8 /* Debug */,
				67958F161F0C7E2C001117E8 /* Release */,
			);
			defaultConfigurationIsVisible = 0;
		};
/* End XCConfigurationList section */
	};
	rootObject = 67958EFA1F0C7E2C001117E8 /* Project object */;
}
